
Microsoft Visual Studio Solution File, Format Version 12.00
# Visual Studio Version 16
VisualStudioVersion = 25.0.1704.2
MinimumVisualStudioVersion = 10.0.40219.1
Project("{FAE04EC0-301F-11D3-BF4B-00C04F79EFBC}") = "Konfigurator-aspnetcore-Backend", "Konfigurator-aspnetcore-Backend\Konfigurator-aspnetcore-Backend.csproj", "{5CD9C312-060B-43B9-95B6-975149B9211C}"
EndProject
Global
	GlobalSection(SolutionConfigurationPlatforms) = preSolution
		Debug|Any CPU = Debug|Any CPU
		Release|Any CPU = Release|Any CPU
	EndGlobalSection
	GlobalSection(ProjectConfigurationPlatforms) = postSolution
		{5CD9C312-060B-43B9-95B6-975149B9211C}.Debug|Any CPU.ActiveCfg = Debug|Any CPU
		{5CD9C312-060B-43B9-95B6-975149B9211C}.Debug|Any CPU.Build.0 = Debug|Any CPU
		{5CD9C312-060B-43B9-95B6-975149B9211C}.Release|Any CPU.ActiveCfg = Release|Any CPU
		{5CD9C312-060B-43B9-95B6-975149B9211C}.Release|Any CPU.Build.0 = Release|Any CPU
	EndGlobalSection
	GlobalSection(SolutionProperties) = preSolution
		HideSolutionNode = FALSE
	EndGlobalSection
	GlobalSection(ExtensibilityGlobals) = postSolution
		SolutionGuid = {132E0255-AB86-4867-81BF-177A6D1CCF68}
	EndGlobalSection
EndGlobal
